{
  "name": "javascript",
  "lockfileVersion": 3,
  "requires": true,
  "packages": {
    "": {
      "dependencies": {
        "node-exec": "^0.1.1"
      }
    },
    "node_modules/node-exec": {
      "version": "0.1.1",
      "resolved": "https://registry.npmjs.org/node-exec/-/node-exec-0.1.1.tgz",
      "integrity": "sha512-gLBNr4KJ67gp0zzzsl62VpuwGOlqsohNZZBp8zXHQhUy96J0lIVZE/ryeqhV1RVq/VAHfsiUkkasDFpHXdXQhg=="
    }
  }
}
